
Microsoft Visual Studio Solution File, Format Version 12.00
# Visual Studio Version 16
VisualStudioVersion = 16.0.32802.440
MinimumVisualStudioVersion = 10.0.40219.1
Project("{FAE04EC0-301F-11D3-BF4B-00C04F79EFBC}") = "LinqEg", "LinqEg.csproj", "{56746ABA-042A-4003-8918-2ED421CB7FC4}"
EndProject
Global
	GlobalSection(SolutionConfigurationPlatforms) = preSolution
		Debug|Any CPU = Debug|Any CPU
		Release|Any CPU = Release|Any CPU
	EndGlobalSection
	GlobalSection(ProjectConfigurationPlatforms) = postSolution
		{56746ABA-042A-4003-8918-2ED421CB7FC4}.Debug|Any CPU.ActiveCfg = Debug|Any CPU
		{56746ABA-042A-4003-8918-2ED421CB7FC4}.Debug|Any CPU.Build.0 = Debug|Any CPU
		{56746ABA-042A-4003-8918-2ED421CB7FC4}.Release|Any CPU.ActiveCfg = Release|Any CPU
		{56746ABA-042A-4003-8918-2ED421CB7FC4}.Release|Any CPU.Build.0 = Release|Any CPU
	EndGlobalSection
	GlobalSection(SolutionProperties) = preSolution
		HideSolutionNode = FALSE
	EndGlobalSection
	GlobalSection(ExtensibilityGlobals) = postSolution
		SolutionGuid = {2D4AC389-AC6C-48B9-8EC7-084F44204692}
	EndGlobalSection
EndGlobal
